Microsoft Visual Studio Solution File, Format Version 12.00
# Visual Studio Version 17
VisualStudioVersion = 17.5.2.0
MinimumVisualStudioVersion = 10.0.40219.1
Project("{FAE04EC0-301F-11D3-BF4B-00C04F79EFBC}") = "CMS2", "CMS2.csproj", "{329542AF-D57B-3AA1-B0FB-46F3D2990DA7}"
EndProject
Global
	GlobalSection(SolutionConfigurationPlatforms) = preSolution
		Debug|Any CPU = Debug|Any CPU
		Release|Any CPU = Release|Any CPU
	EndGlobalSection
	GlobalSection(ProjectConfigurationPlatforms) = postSolution
		{329542AF-D57B-3AA1-B0FB-46F3D2990DA7}.Debug|Any CPU.ActiveCfg = Debug|Any CPU
		{329542AF-D57B-3AA1-B0FB-46F3D2990DA7}.Debug|Any CPU.Build.0 = Debug|Any CPU
		{329542AF-D57B-3AA1-B0FB-46F3D2990DA7}.Release|Any CPU.ActiveCfg = Release|Any CPU
		{329542AF-D57B-3AA1-B0FB-46F3D2990DA7}.Release|Any CPU.Build.0 = Release|Any CPU
	EndGlobalSection
	GlobalSection(SolutionProperties) = preSolution
		HideSolutionNode = FALSE
	EndGlobalSection
	GlobalSection(ExtensibilityGlobals) = postSolution
		SolutionGuid = {28F192FC-ADA1-4A58-87EE-2E496B8A4DFB}
	EndGlobalSection
EndGlobal
